// !$*UTF8*$!
{
	archiveVersion = 1;
	classes = {
	};
	objectVersion = 56;
	objects = {

/* Begin PBXBuildFile section */
		4B1FD58C53325EC98206EBF2 /* Pods_MainApp_MainAppUITests.framework in Frameworks */ = {isa = PBXBuildFile; fileRef = 68FFCD812857E48150E3A97C /* Pods_MainApp_MainAppUITests.framework */; };
		C040A2B9CDA1235B52FAE9B4 /* Pods_MainAppTests.framework in Frameworks */ = {isa = PBXBuildFile; fileRef = 4D9643CA0BA61F4D76959FD3 /* Pods_MainAppTests.framework */; };
		DC080A0CE1D6410F4A8FEEB4 /* Pods_MainApp.framework in Frameworks */ = {isa = PBXBuildFile; fileRef = 65144CF769EFEF6ED43121C4 /* Pods_MainApp.framework */; };
		FD38DCF02962FF5A0022F95C /* AppDelegate.swift in Sources */ = {isa = PBXBuildFile; fileRef = FD38DCEF2962FF5A0022F95C /* AppDelegate.swift */; };
		FD38DCF22962FF5A0022F95C /* SceneDelegate.swift in Sources */ = {isa = PBXBuildFile; fileRef = FD38DCF12962FF5A0022F95C /* SceneDelegate.swift */; };
		FD38DCF42962FF5A0022F95C /* ViewController.swift in Sources */ = {isa = PBXBuildFile; fileRef = FD38DCF32962FF5A0022F95C /* ViewController.swift */; };
		FD38DCF72962FF5A0022F95C /* Main.storyboard in Resources */ = {isa = PBXBuildFile; fileRef = FD38DCF52962FF5A0022F95C /* Main.storyboard */; };
		FD38DCF92962FF5B0022F95C /* Assets.xcassets in Resources */ = {isa = PBXBuildFile; fileRef = FD38DCF82962FF5B0022F95C /* Assets.xcassets */; };
		FD38DCFC2962FF5B0022F95C /* LaunchScreen.storyboard in Resources */ = {isa = PBXBuildFile; fileRef = FD38DCFA2962FF5B0022F95C /* LaunchScreen.storyboard */; };
		FD38DD072962FF5B0022F95C /* MainAppTests.swift in Sources */ = {isa = PBXBuildFile; fileRef = FD38DD062962FF5B0022F95C /* MainAppTests.swift */; };
		FD38DD112962FF5B0022F95C /* MainAppUITests.swift in Sources */ = {isa = PBXBuildFile; fileRef = FD38DD102962FF5B0022F95C /* MainAppUITests.swift */; };
		FD38DD132962FF5B0022F95C /* MainAppUITestsLaunchTests.swift in Sources */ = {isa = PBXBuildFile; fileRef = FD38DD122962FF5B0022F95C /* MainAppUITestsLaunchTests.swift */; };
/* End PBXBuildFile section */

/* Begin PBXContainerItemProxy section */
		FD38DD032962FF5B0022F95C /* PBXContainerItemProxy */ = {
			isa = PBXContainerItemProxy;
			containerPortal = FD38DCE42962FF5A0022F95C /* Project object */;
			proxyType = 1;
			remoteGlobalIDString = FD38DCEB2962FF5A0022F95C;
			remoteInfo = MainApp;
		};
		FD38DD0D2962FF5B0022F95C /* PBXContainerItemProxy */ = {
			isa = PBXContainerItemProxy;
			containerPortal = FD38DCE42962FF5A0022F95C /* Project object */;
			proxyType = 1;
			remoteGlobalIDString = FD38DCEB2962FF5A0022F95C;
			remoteInfo = MainApp;
		};
/* End PBXContainerItemProxy section */

/* Begin PBXFileReference section */
		35F60C6878C10B6B699402C7 /* Pods-MainApp-MainAppUITests.release.xcconfig */ = {isa = PBXFileReference; includeInIndex = 1; lastKnownFileType = text.xcconfig; name = "Pods-MainApp-MainAppUITests.release.xcconfig"; path = "Target Support Files/Pods-MainApp-MainAppUITests/Pods-MainApp-MainAppUITests.release.xcconfig"; sourceTree = "<group>"; };
		4D9643CA0BA61F4D76959FD3 /* Pods_MainAppTests.framework */ = {isa = PBXFileReference; explicitFileType = wrapper.framework; includeInIndex = 0; path = Pods_MainAppTests.framework; sourceTree = BUILT_PRODUCTS_DIR; };
		65144CF769EFEF6ED43121C4 /* Pods_MainApp.framework */ = {isa = PBXFileReference; explicitFileType = wrapper.framework; includeInIndex = 0; path = Pods_MainApp.framework; sourceTree = BUILT_PRODUCTS_DIR; };
		68FFCD812857E48150E3A97C /* Pods_MainApp_MainAppUITests.framework */ = {isa = PBXFileReference; explicitFileType = wrapper.framework; includeInIndex = 0; path = Pods_MainApp_MainAppUITests.framework; sourceTree = BUILT_PRODUCTS_DIR; };
		77A4251F0931C8AAA974DF98 /* Pods-MainApp.debug.xcconfig */ = {isa = PBXFileReference; includeInIndex = 1; lastKnownFileType = text.xcconfig; name = "Pods-MainApp.debug.xcconfig"; path = "Target Support Files/Pods-MainApp/Pods-MainApp.debug.xcconfig"; sourceTree = "<group>"; };
		A7F06FA64B1542208756D2BC /* Pods-MainAppTests.debug.xcconfig */ = {isa = PBXFileReference; includeInIndex = 1; lastKnownFileType = text.xcconfig; name = "Pods-MainAppTests.debug.xcconfig"; path = "Target Support Files/Pods-MainAppTests/Pods-MainAppTests.debug.xcconfig"; sourceTree = "<group>"; };
		A7F641239E4D7162930C5A11 /* Pods-MainApp-MainAppUITests.debug.xcconfig */ = {isa = PBXFileReference; includeInIndex = 1; lastKnownFileType = text.xcconfig; name = "Pods-MainApp-MainAppUITests.debug.xcconfig"; path = "Target Support Files/Pods-MainApp-MainAppUITests/Pods-MainApp-MainAppUITests.debug.xcconfig"; sourceTree = "<group>"; };
		D14FD1E078FCF18943BC1A4C /* Pods-MainApp.release.xcconfig */ = {isa = PBXFileReference; includeInIndex = 1; lastKnownFileType = text.xcconfig; name = "Pods-MainApp.release.xcconfig"; path = "Target Support Files/Pods-MainApp/Pods-MainApp.release.xcconfig"; sourceTree = "<group>"; };
		F11919B61712BE27C8DE5F3C /* Pods-MainAppTests.release.xcconfig */ = {isa = PBXFileReference; includeInIndex = 1; lastKnownFileType = text.xcconfig; name = "Pods-MainAppTests.release.xcconfig"; path = "Target Support Files/Pods-MainAppTests/Pods-MainAppTests.release.xcconfig"; sourceTree = "<group>"; };
		FD38DCEC2962FF5A0022F95C /* MainApp.app */ = {isa = PBXFileReference; explicitFileType = wrapper.application; includeInIndex = 0; path = MainApp.app; sourceTree = BUILT_PRODUCTS_DIR; };
		FD38DCEF2962FF5A0022F95C /* AppDelegate.swift */ = {isa = PBXFileReference; lastKnownFileType = sourcecode.swift; path = AppDelegate.swift; sourceTree = "<group>"; };
		FD38DCF12962FF5A0022F95C /* SceneDelegate.swift */ = {isa = PBXFileReference; lastKnownFileType = sourcecode.swift; path = SceneDelegate.swift; sourceTree = "<group>"; };
		FD38DCF32962FF5A0022F95C /* ViewController.swift */ = {isa = PBXFileReference; lastKnownFileType = sourcecode.swift; path = ViewController.swift; sourceTree = "<group>"; };
		FD38DCF62962FF5A0022F95C /* Base */ = {isa = PBXFileReference; lastKnownFileType = file.storyboard; name = Base; path = Base.lproj/Main.storyboard; sourceTree = "<group>"; };
		FD38DCF82962FF5B0022F95C /* Assets.xcassets */ = {isa = PBXFileReference; lastKnownFileType = folder.assetcatalog; path = Assets.xcassets; sourceTree = "<group>"; };
		FD38DCFB2962FF5B0022F95C /* Base */ = {isa = PBXFileReference; lastKnownFileType = file.storyboard; name = Base; path = Base.lproj/LaunchScreen.storyboard; sourceTree = "<group>"; };
		FD38DCFD2962FF5B0022F95C /* Info.plist */ = {isa = PBXFileReference; lastKnownFileType = text.plist.xml; path = Info.plist; sourceTree = "<group>"; };
		FD38DD022962FF5B0022F95C /* MainAppTests.xctest */ = {isa = PBXFileReference; explicitFileType = wrapper.cfbundle; includeInIndex = 0; path = MainAppTests.xctest; sourceTree = BUILT_PRODUCTS_DIR; };
		FD38DD062962FF5B0022F95C /* MainAppTests.swift */ = {isa = PBXFileReference; lastKnownFileType = sourcecode.swift; path = MainAppTests.swift; sourceTree = "<group>"; };
		FD38DD0C2962FF5B0022F95C /* MainAppUITests.xctest */ = {isa = PBXFileReference; explicitFileType = wrapper.cfbundle; includeInIndex = 0; path = MainAppUITests.xctest; sourceTree = BUILT_PRODUCTS_DIR; };
		FD38DD102962FF5B0022F95C /* MainAppUITests.swift */ = {isa = PBXFileReference; lastKnownFileType = sourcecode.swift; path = MainAppUITests.swift; sourceTree = "<group>"; };
		FD38DD122962FF5B0022F95C /* MainAppUITestsLaunchTests.swift */ = {isa = PBXFileReference; lastKnownFileType = sourcecode.swift; path = MainAppUITestsLaunchTests.swift; sourceTree = "<group>"; };
/* End PBXFileReference section */

/* Begin PBXFrameworksBuildPhase section */
		FD38DCE92962FF5A0022F95C /* Frameworks */ = {
			isa = PBXFrameworksBuildPhase;
			buildActionMask = 2147483647;
			files = (
				DC080A0CE1D6410F4A8FEEB4 /* Pods_MainApp.framework in Frameworks */,
			);
			runOnlyForDeploymentPostprocessing = 0;
		};
		FD38DCFF2962FF5B0022F95C /* Frameworks */ = {
			isa = PBXFrameworksBuildPhase;
			buildActionMask = 2147483647;
			files = (
				C040A2B9CDA1235B52FAE9B4 /* Pods_MainAppTests.framework in Frameworks */,
			);
			runOnlyForDeploymentPostprocessing = 0;
		};
		FD38DD092962FF5B0022F95C /* Frameworks */ = {
			isa = PBXFrameworksBuildPhase;
			buildActionMask = 2147483647;
			files = (
				4B1FD58C53325EC98206EBF2 /* Pods_MainApp_MainAppUITests.framework in Frameworks */,
			);
			runOnlyForDeploymentPostprocessing = 0;
		};
/* End PBXFrameworksBuildPhase section */

/* Begin PBXGroup section */
		1CE65C62A0AB225A9E4E9E1A /* Frameworks */ = {
			isa = PBXGroup;
			children = (
				65144CF769EFEF6ED43121C4 /* Pods_MainApp.framework */,
				68FFCD812857E48150E3A97C /* Pods_MainApp_MainAppUITests.framework */,
				4D9643CA0BA61F4D76959FD3 /* Pods_MainAppTests.framework */,
			);
			name = Frameworks;
			sourceTree = "<group>";
		};
		8F21C6ACBCA0357B6C6406AD /* Pods */ = {
			isa = PBXGroup;
			children = (
				77A4251F0931C8AAA974DF98 /* Pods-MainApp.debug.xcconfig */,
				D14FD1E078FCF18943BC1A4C /* Pods-MainApp.release.xcconfig */,
				A7F641239E4D7162930C5A11 /* Pods-MainApp-MainAppUITests.debug.xcconfig */,
				35F60C6878C10B6B699402C7 /* Pods-MainApp-MainAppUITests.release.xcconfig */,
				A7F06FA64B1542208756D2BC /* Pods-MainAppTests.debug.xcconfig */,
				F11919B61712BE27C8DE5F3C /* Pods-MainAppTests.release.xcconfig */,
			);
			name = Pods;
			path = Pods;
			sourceTree = "<group>";
		};
		FD38DCE32962FF5A0022F95C = {
			isa = PBXGroup;
			children = (
				FD38DCEE2962FF5A0022F95C /* MainApp */,
				FD38DD052962FF5B0022F95C /* MainAppTests */,
				FD38DD0F2962FF5B0022F95C /* MainAppUITests */,
				FD38DCED2962FF5A0022F95C /* Products */,
				8F21C6ACBCA0357B6C6406AD /* Pods */,
				1CE65C62A0AB225A9E4E9E1A /* Frameworks */,
			);
			sourceTree = "<group>";
		};
		FD38DCED2962FF5A0022F95C /* Products */ = {
			isa = PBXGroup;
			children = (
				FD38DCEC2962FF5A0022F95C /* MainApp.app */,
				FD38DD022962FF5B0022F95C /* MainAppTests.xctest */,
				FD38DD0C2962FF5B0022F95C /* MainAppUITests.xctest */,
			);
			name = Products;
			sourceTree = "<group>";
		};
		FD38DCEE2962FF5A0022F95C /* MainApp */ = {
			isa = PBXGroup;
			children = (
				FD38DCEF2962FF5A0022F95C /* AppDelegate.swift */,
				FD38DCF12962FF5A0022F95C /* SceneDelegate.swift */,
				FD38DCF32962FF5A0022F95C /* ViewController.swift */,
				FD38DCF52962FF5A0022F95C /* Main.storyboard */,
				FD38DCF82962FF5B0022F95C /* Assets.xcassets */,
				FD38DCFA2962FF5B0022F95C /* LaunchScreen.storyboard */,
				FD38DCFD2962FF5B0022F95C /* Info.plist */,
			);
			path = MainApp;
			sourceTree = "<group>";
		};
		FD38DD052962FF5B0022F95C /* MainAppTests */ = {
			isa = PBXGroup;
			children = (
				FD38DD062962FF5B0022F95C /* MainAppTests.swift */,
			);
			path = MainAppTests;
			sourceTree = "<group>";
		};
		FD38DD0F2962FF5B0022F95C /* MainAppUITests */ = {
			isa = PBXGroup;
			children = (
				FD38DD102962FF5B0022F95C /* MainAppUITests.swift */,
				FD38DD122962FF5B0022F95C /* MainAppUITestsLaunchTests.swift */,
			);
			path = MainAppUITests;
			sourceTree = "<group>";
		};
/* End PBXGroup section */

/* Begin PBXNativeTarget section */
		FD38DCEB2962FF5A0022F95C /* MainApp */ = {
			isa = PBXNativeTarget;
			buildConfigurationList = FD38DD162962FF5B0022F95C /* Build configuration list for PBXNativeTarget "MainApp" */;
			buildPhases = (
				91E9F0C6D304FF29A26B33F9 /* [CP] Check Pods Manifest.lock */,
				FD38DCE82962FF5A0022F95C /* Sources */,
				FD38DCE92962FF5A0022F95C /* Frameworks */,
				FD38DCEA2962FF5A0022F95C /* Resources */,
				0DD0316718EF6E623F146D0B /* [CP] Embed Pods Frameworks */,
			);
			buildRules = (
			);
			dependencies = (
			);
			name = MainApp;
			productName = MainApp;
			productReference = FD38DCEC2962FF5A0022F95C /* MainApp.app */;
			productType = "com.apple.product-type.application";
		};
		FD38DD012962FF5B0022F95C /* MainAppTests */ = {
			isa = PBXNativeTarget;
			buildConfigurationList = FD38DD192962FF5B0022F95C /* Build configuration list for PBXNativeTarget "MainAppTests" */;
			buildPhases = (
				A355456A12F4D361DB8C1CA6 /* [CP] Check Pods Manifest.lock */,
				FD38DCFE2962FF5B0022F95C /* Sources */,
				FD38DCFF2962FF5B0022F95C /* Frameworks */,
				FD38DD002962FF5B0022F95C /* Resources */,
			);
			buildRules = (
			);
			dependencies = (
				FD38DD042962FF5B0022F95C /* PBXTargetDependency */,
			);
			name = MainAppTests;
			productName = MainAppTests;
			productReference = FD38DD022962FF5B0022F95C /* MainAppTests.xctest */;
			productType = "com.apple.product-type.bundle.unit-test";
		};
		FD38DD0B2962FF5B0022F95C /* MainAppUITests */ = {
			isa = PBXNativeTarget;
			buildConfigurationList = FD38DD1C2962FF5B0022F95C /* Build configuration list for PBXNativeTarget "MainAppUITests" */;
			buildPhases = (
				3719C97D01F06DE22B321D85 /* [CP] Check Pods Manifest.lock */,
				FD38DD082962FF5B0022F95C /* Sources */,
				FD38DD092962FF5B0022F95C /* Frameworks */,
				FD38DD0A2962FF5B0022F95C /* Resources */,
				A377995CE7F99ACD2E006F36 /* [CP] Embed Pods Frameworks */,
			);
			buildRules = (
			);
			dependencies = (
				FD38DD0E2962FF5B0022F95C /* PBXTargetDependency */,
			);
			name = MainAppUITests;
			productName = MainAppUITests;
			productReference = FD38DD0C2962FF5B0022F95C /* MainAppUITests.xctest */;
			productType = "com.apple.product-type.bundle.ui-testing";
		};
/* End PBXNativeTarget section */

/* Begin PBXProject section */
		FD38DCE42962FF5A0022F95C /* Project object */ = {
			isa = PBXProject;
			attributes = {
				BuildIndependentTargetsInParallel = 1;
				LastSwiftUpdateCheck = 1420;
				LastUpgradeCheck = 1420;
				TargetAttributes = {
					FD38DCEB2962FF5A0022F95C = {
						CreatedOnToolsVersion = 14.2;
					};
					FD38DD012962FF5B0022F95C = {
						CreatedOnToolsVersion = 14.2;
						TestTargetID = FD38DCEB2962FF5A0022F95C;
					};
					FD38DD0B2962FF5B0022F95C = {
						CreatedOnToolsVersion = 14.2;
						TestTargetID = FD38DCEB2962FF5A0022F95C;
					};
				};
			};
			buildConfigurationList = FD38DCE72962FF5A0022F95C /* Build configuration list for PBXProject "MainApp" */;
			compatibilityVersion = "Xcode 14.0";
			developmentRegion = en;
			hasScannedForEncodings = 0;
			knownRegions = (
				en,
				Base,
			);
			mainGroup = FD38DCE32962FF5A0022F95C;
			productRefGroup = FD38DCED2962FF5A0022F95C /* Products */;
			projectDirPath = "";
			projectRoot = "";
			targets = (
				FD38DCEB2962FF5A0022F95C /* MainApp */,
				FD38DD012962FF5B0022F95C /* MainAppTests */,
				FD38DD0B2962FF5B0022F95C /* MainAppUITests */,
			);
		};
/* End PBXProject section */

/* Begin PBXResourcesBuildPhase section */
		FD38DCEA2962FF5A0022F95C /* Resources */ = {
			isa = PBXResourcesBuildPhase;
			buildActionMask = 2147483647;
			files = (
				FD38DCFC2962FF5B0022F95C /* LaunchScreen.storyboard in Resources */,
				FD38DCF92962FF5B0022F95C /* Assets.xcassets in Resources */,
				FD38DCF72962FF5A0022F95C /* Main.storyboard in Resources */,
			);
			runOnlyForDeploymentPostprocessing = 0;
		};
		FD38DD002962FF5B0022F95C /* Resources */ = {
			isa = PBXResourcesBuildPhase;
			buildActionMask = 2147483647;
			files = (
			);
			runOnlyForDeploymentPostprocessing = 0;
		};
		FD38DD0A2962FF5B0022F95C /* Resources */ = {
			isa = PBXResourcesBuildPhase;
			buildActionMask = 2147483647;
			files = (
			);
			runOnlyForDeploymentPostprocessing = 0;
		};
/* End PBXResourcesBuildPhase section */

/* Begin PBXShellScriptBuildPhase section */
		0DD0316718EF6E623F146D0B /* [CP] Embed Pods Frameworks */ = {
			isa = PBXShellScriptBuildPhase;
			buildActionMask = 2147483647;
			files = (
			);
			inputFileListPaths = (
				"${PODS_ROOT}/Target Support Files/Pods-MainApp/Pods-MainApp-frameworks-${CONFIGURATION}-input-files.xcfilelist",
			);
			name = "[CP] Embed Pods Frameworks";
			outputFileListPaths = (
				"${PODS_ROOT}/Target Support Files/Pods-MainApp/Pods-MainApp-frameworks-${CONFIGURATION}-output-files.xcfilelist",
			);
			runOnlyForDeploymentPostprocessing = 0;
			shellPath = /bin/sh;
			shellScript = "\"${PODS_ROOT}/Target Support Files/Pods-MainApp/Pods-MainApp-frameworks.sh\"\n";
			showEnvVarsInLog = 0;
		};
		3719C97D01F06DE22B321D85 /* [CP] Check Pods Manifest.lock */ = {
			isa = PBXShellScriptBuildPhase;
			buildActionMask = 2147483647;
			files = (
			);
			inputFileListPaths = (
			);
			inputPaths = (
				"${PODS_PODFILE_DIR_PATH}/Podfile.lock",
				"${PODS_ROOT}/Manifest.lock",
			);
			name = "[CP] Check Pods Manifest.lock";
			outputFileListPaths = (
			);
			outputPaths = (
				"$(DERIVED_FILE_DIR)/Pods-MainApp-MainAppUITests-checkManifestLockResult.txt",
			);
			runOnlyForDeploymentPostprocessing = 0;
			shellPath = /bin/sh;
			shellScript = "diff \"${PODS_PODFILE_DIR_PATH}/Podfile.lock\" \"${PODS_ROOT}/Manifest.lock\" > /dev/null\nif [ $? != 0 ] ; then\n    # print error to STDERR\n    echo \"error: The sandbox is not in sync with the Podfile.lock. Run 'pod install' or update your CocoaPods installation.\" >&2\n    exit 1\nfi\n# This output is used by Xcode 'outputs' to avoid re-running this script phase.\necho \"SUCCESS\" > \"${SCRIPT_OUTPUT_FILE_0}\"\n";
			showEnvVarsInLog = 0;
		};
		91E9F0C6D304FF29A26B33F9 /* [CP] Check Pods Manifest.lock */ = {
			isa = PBXShellScriptBuildPhase;
			buildActionMask = 2147483647;
			files = (
			);
			inputFileListPaths = (
			);
			inputPaths = (
				"${PODS_PODFILE_DIR_PATH}/Podfile.lock",
				"${PODS_ROOT}/Manifest.lock",
			);
			name = "[CP] Check Pods Manifest.lock";
			outputFileListPaths = (
			);
			outputPaths = (
				"$(DERIVED_FILE_DIR)/Pods-MainApp-checkManifestLockResult.txt",
			);
			runOnlyForDeploymentPostprocessing = 0;
			shellPath = /bin/sh;
			shellScript = "diff \"${PODS_PODFILE_DIR_PATH}/Podfile.lock\" \"${PODS_ROOT}/Manifest.lock\" > /dev/null\nif [ $? != 0 ] ; then\n    # print error to STDERR\n    echo \"error: The sandbox is not in sync with the Podfile.lock. Run 'pod install' or update your CocoaPods installation.\" >&2\n    exit 1\nfi\n# This output is used by Xcode 'outputs' to avoid re-running this script phase.\necho \"SUCCESS\" > \"${SCRIPT_OUTPUT_FILE_0}\"\n";
			showEnvVarsInLog = 0;
		};
		A355456A12F4D361DB8C1CA6 /* [CP] Check Pods Manifest.lock */ = {
			isa = PBXShellScriptBuildPhase;
			buildActionMask = 2147483647;
			files = (
			);
			inputFileListPaths = (
			);
			inputPaths = (
				"${PODS_PODFILE_DIR_PATH}/Podfile.lock",
				"${PODS_ROOT}/Manifest.lock",
			);
			name = "[CP] Check Pods Manifest.lock";
			outputFileListPaths = (
			);
			outputPaths = (
				"$(DERIVED_FILE_DIR)/Pods-MainAppTests-checkManifestLockResult.txt",
			);
			runOnlyForDeploymentPostprocessing = 0;
			shellPath = /bin/sh;
			shellScript = "diff \"${PODS_PODFILE_DIR_PATH}/Podfile.lock\" \"${PODS_ROOT}/Manifest.lock\" > /dev/null\nif [ $? != 0 ] ; then\n    # print error to STDERR\n    echo \"error: The sandbox is not in sync with the Podfile.lock. Run 'pod install' or update your CocoaPods installation.\" >&2\n    exit 1\nfi\n# This output is used by Xcode 'outputs' to avoid re-running this script phase.\necho \"SUCCESS\" > \"${SCRIPT_OUTPUT_FILE_0}\"\n";
			showEnvVarsInLog = 0;
		};
		A377995CE7F99ACD2E006F36 /* [CP] Embed Pods Frameworks */ = {
			isa = PBXShellScriptBuildPhase;
			buildActionMask = 2147483647;
			files = (
			);
			inputFileListPaths = (
				"${PODS_ROOT}/Target Support Files/Pods-MainApp-MainAppUITests/Pods-MainApp-MainAppUITests-frameworks-${CONFIGURATION}-input-files.xcfilelist",
			);
			name = "[CP] Embed Pods Frameworks";
			outputFileListPaths = (
				"${PODS_ROOT}/Target Support Files/Pods-MainApp-MainAppUITests/Pods-MainApp-MainAppUITests-frameworks-${CONFIGURATION}-output-files.xcfilelist",
			);
			runOnlyForDeploymentPostprocessing = 0;
			shellPath = /bin/sh;
			shellScript = "\"${PODS_ROOT}/Target Support Files/Pods-MainApp-MainAppUITests/Pods-MainApp-MainAppUITests-frameworks.sh\"\n";
			showEnvVarsInLog = 0;
		};
/* End PBXShellScriptBuildPhase section */

/* Begin PBXSourcesBuildPhase section */
		FD38DCE82962FF5A0022F95C /* Sources */ = {
			isa = PBXSourcesBuildPhase;
			buildActionMask = 2147483647;
			files = (
				FD38DCF42962FF5A0022F95C /* ViewController.swift in Sources */,
				FD38DCF02962FF5A0022F95C /* AppDelegate.swift in Sources */,
				FD38DCF22962FF5A0022F95C /* SceneDelegate.swift in Sources */,
			);
			runOnlyForDeploymentPostprocessing = 0;
		};
		FD38DCFE2962FF5B0022F95C /* Sources */ = {
			isa = PBXSourcesBuildPhase;
			buildActionMask = 2147483647;
			files = (
				FD38DD072962FF5B0022F95C /* MainAppTests.swift in Sources */,
			);
			runOnlyForDeploymentPostprocessing = 0;
		};
		FD38DD082962FF5B0022F95C /* Sources */ = {
			isa = PBXSourcesBuildPhase;
			buildActionMask = 2147483647;
			files = (
				FD38DD112962FF5B0022F95C /* MainAppUITests.swift in Sources */,
				FD38DD132962FF5B0022F95C /* MainAppUITestsLaunchTests.swift in Sources */,
			);
			runOnlyForDeploymentPostprocessing = 0;
		};
/* End PBXSourcesBuildPhase section */

/* Begin PBXTargetDependency section */
		FD38DD042962FF5B0022F95C /* PBXTargetDependency */ = {
			isa = PBXTargetDependency;
			target = FD38DCEB2962FF5A0022F95C /* MainApp */;
			targetProxy = FD38DD032962FF5B0022F95C /* PBXContainerItemProxy */;
		};
		FD38DD0E2962FF5B0022F95C /* PBXTargetDependency */ = {
			isa = PBXTargetDependency;
			target = FD38DCEB2962FF5A0022F95C /* MainApp */;
			targetProxy = FD38DD0D2962FF5B0022F95C /* PBXContainerItemProxy */;
		};
/* End PBXTargetDependency section */

/* Begin PBXVariantGroup section */
		FD38DCF52962FF5A0022F95C /* Main.storyboard */ = {
			isa = PBXVariantGroup;
			children = (
				FD38DCF62962FF5A0022F95C /* Base */,
			);
			name = Main.storyboard;
			sourceTree = "<group>";
		};
		FD38DCFA2962FF5B0022F95C /* LaunchScreen.storyboard */ = {
			isa = PBXVariantGroup;
			children = (
				FD38DCFB2962FF5B0022F95C /* Base */,
			);
			name = LaunchScreen.storyboard;
			sourceTree = "<group>";
		};
/* End PBXVariantGroup section */

/* Begin XCBuildConfiguration section */
		FD38DD142962FF5B0022F95C /* Debug */ = {
			isa = XCBuildConfiguration;
			buildSettings = {
				ALWAYS_SEARCH_USER_PATHS = NO;
				CLANG_ANALYZER_NONNULL = YES;
				CLANG_ANALYZER_NUMBER_OBJECT_CONVERSION = YES_AGGRESSIVE;
				CLANG_CXX_LANGUAGE_STANDARD = "gnu++20";
				CLANG_ENABLE_MODULES = YES;
				CLANG_ENABLE_OBJC_ARC = YES;
				CLANG_ENABLE_OBJC_WEAK = YES;
				CLANG_WARN_BLOCK_CAPTURE_AUTORELEASING = YES;
				CLANG_WARN_BOOL_CONVERSION = YES;
				CLANG_WARN_COMMA = YES;
				CLANG_WARN_CONSTANT_CONVERSION = YES;
				CLANG_WARN_DEPRECATED_OBJC_IMPLEMENTATIONS = YES;
				CLANG_WARN_DIRECT_OBJC_ISA_USAGE = YES_ERROR;
				CLANG_WARN_DOCUMENTATION_COMMENTS = YES;
				CLANG_WARN_EMPTY_BODY = YES;
				CLANG_WARN_ENUM_CONVERSION = YES;
				CLANG_WARN_INFINITE_RECURSION = YES;
				CLANG_WARN_INT_CONVERSION = YES;
				CLANG_WARN_NON_LITERAL_NULL_CONVERSION = YES;
				CLANG_WARN_OBJC_IMPLICIT_RETAIN_SELF = YES;
				CLANG_WARN_OBJC_LITERAL_CONVERSION = YES;
				CLANG_WARN_OBJC_ROOT_CLASS = YES_ERROR;
				CLANG_WARN_QUOTED_INCLUDE_IN_FRAMEWORK_HEADER = YES;
				CLANG_WARN_RANGE_LOOP_ANALYSIS = YES;
				CLANG_WARN_STRICT_PROTOTYPES = YES;
				CLANG_WARN_SUSPICIOUS_MOVE = YES;
				CLANG_WARN_UNGUARDED_AVAILABILITY = YES_AGGRESSIVE;
				CLANG_WARN_UNREACHABLE_CODE = YES;
				CLANG_WARN__DUPLICATE_METHOD_MATCH = YES;
				COPY_PHASE_STRIP = NO;
				DEBUG_INFORMATION_FORMAT = dwarf;
				ENABLE_STRICT_OBJC_MSGSEND = YES;
				ENABLE_TESTABILITY = YES;
				GCC_C_LANGUAGE_STANDARD = gnu11;
				GCC_DYNAMIC_NO_PIC = NO;
				GCC_NO_COMMON_BLOCKS = YES;
				GCC_OPTIMIZATION_LEVEL = 0;
				GCC_PREPROCESSOR_DEFINITIONS = (
					"DEBUG=1",
					"$(inherited)",
				);
				GCC_WARN_64_TO_32_BIT_CONVERSION = YES;
				GCC_WARN_ABOUT_RETURN_TYPE = YES_ERROR;
				GCC_WARN_UNDECLARED_SELECTOR = YES;
				GCC_WARN_UNINITIALIZED_AUTOS = YES_AGGRESSIVE;
				GCC_WARN_UNUSED_FUNCTION = YES;
				GCC_WARN_UNUSED_VARIABLE = YES;
				IPHONEOS_DEPLOYMENT_TARGET = 16.2;
				MTL_ENABLE_DEBUG_INFO = INCLUDE_SOURCE;
				MTL_FAST_MATH = YES;
				ONLY_ACTIVE_ARCH = YES;
				SDKROOT = iphoneos;
				SWIFT_ACTIVE_COMPILATION_CONDITIONS = DEBUG;
				SWIFT_OPTIMIZATION_LEVEL = "-Onone";
			};
			name = Debug;
		};
		FD38DD152962FF5B0022F95C /* Release */ = {
			isa = XCBuildConfiguration;
			buildSettings = {
				ALWAYS_SEARCH_USER_PATHS = NO;
				CLANG_ANALYZER_NONNULL = YES;
				CLANG_ANALYZER_NUMBER_OBJECT_CONVERSION = YES_AGGRESSIVE;
				CLANG_CXX_LANGUAGE_STANDARD = "gnu++20";
				CLANG_ENABLE_MODULES = YES;
				CLANG_ENABLE_OBJC_ARC = YES;
				CLANG_ENABLE_OBJC_WEAK = YES;
				CLANG_WARN_BLOCK_CAPTURE_AUTORELEASING = YES;
				CLANG_WARN_BOOL_CONVERSION = YES;
				CLANG_WARN_COMMA = YES;
				CLANG_WARN_CONSTANT_CONVERSION = YES;
				CLANG_WARN_DEPRECATED_OBJC_IMPLEMENTATIONS = YES;
				CLANG_WARN_DIRECT_OBJC_ISA_USAGE = YES_ERROR;
				CLANG_WARN_DOCUMENTATION_COMMENTS = YES;
				CLANG_WARN_EMPTY_BODY = YES;
				CLANG_WARN_ENUM_CONVERSION = YES;
				CLANG_WARN_INFINITE_RECURSION = YES;
				CLANG_WARN_INT_CONVERSION = YES;
				CLANG_WARN_NON_LITERAL_NULL_CONVERSION = YES;
				CLANG_WARN_OBJC_IMPLICIT_RETAIN_SELF = YES;
				CLANG_WARN_OBJC_LITERAL_CONVERSION = YES;
				CLANG_WARN_OBJC_ROOT_CLASS = YES_ERROR;
				CLANG_WARN_QUOTED_INCLUDE_IN_FRAMEWORK_HEADER = YES;
				CLANG_WARN_RANGE_LOOP_ANALYSIS = YES;
				CLANG_WARN_STRICT_PROTOTYPES = YES;
				CLANG_WARN_SUSPICIOUS_MOVE = YES;
				CLANG_WARN_UNGUARDED_AVAILABILITY = YES_AGGRESSIVE;
				CLANG_WARN_UNREACHABLE_CODE = YES;
				CLANG_WARN__DUPLICATE_METHOD_MATCH = YES;
				COPY_PHASE_STRIP = NO;
				DEBUG_INFORMATION_FORMAT = "dwarf-with-dsym";
				ENABLE_NS_ASSERTIONS = NO;
				ENABLE_STRICT_OBJC_MSGSEND = YES;
				GCC_C_LANGUAGE_STANDARD = gnu11;
				GCC_NO_COMMON_BLOCKS = YES;
				GCC_WARN_64_TO_32_BIT_CONVERSION = YES;
				GCC_WARN_ABOUT_RETURN_TYPE = YES_ERROR;
				GCC_WARN_UNDECLARED_SELECTOR = YES;
				GCC_WARN_UNINITIALIZED_AUTOS = YES_AGGRESSIVE;
				GCC_WARN_UNUSED_FUNCTION = YES;
				GCC_WARN_UNUSED_VARIABLE = YES;
				IPHONEOS_DEPLOYMENT_TARGET = 16.2;
				MTL_ENABLE_DEBUG_INFO = NO;
				MTL_FAST_MATH = YES;
				SDKROOT = iphoneos;
				SWIFT_COMPILATION_MODE = wholemodule;
				SWIFT_OPTIMIZATION_LEVEL = "-O";
				VALIDATE_PRODUCT = YES;
			};
			name = Release;
		};
		FD38DD172962FF5B0022F95C /* Debug */ = {
			isa = XCBuildConfiguration;
			baseConfigurationReference = 77A4251F0931C8AAA974DF98 /* Pods-MainApp.debug.xcconfig */;
			buildSettings = {
				ASSETCATALOG_COMPILER_APPICON_NAME = AppIcon;
				ASSETCATALOG_COMPILER_GLOBAL_ACCENT_COLOR_NAME = AccentColor;
				CODE_SIGN_STYLE = Automatic;
				CURRENT_PROJECT_VERSION = 1;
				DEVELOPMENT_TEAM = 4F8A3G9C4X;
				GENERATE_INFOPLIST_FILE = YES;
				INFOPLIST_FILE = MainApp/Info.plist;
				INFOPLIST_KEY_UIApplicationSupportsIndirectInputEvents = YES;
				INFOPLIST_KEY_UILaunchStoryboardName = LaunchScreen;
				INFOPLIST_KEY_UIMainStoryboardFile = Main;
				INFOPLIST_KEY_UISupportedInterfaceOrientations_iPad = "UIInterfaceOrientationPortrait UIInterfaceOrientationPortraitUpsideDown UIInterfaceOrientationLandscapeLeft UIInterfaceOrientationLandscapeRight";
				INFOPLIST_KEY_UISupportedInterfaceOrientations_iPhone = "UIInterfaceOrientationPortrait UIInterfaceOrientationLandscapeLeft UIInterfaceOrientationLandscapeRight";
				LD_RUNPATH_SEARCH_PATHS = (
					"$(inherited)",
					"@executable_path/Frameworks",
				);
				MARKETING_VERSION = 1.0;
				PRODUCT_BUNDLE_IDENTIFIER = com.sample.MainApp;
				PRODUCT_NAME = "$(TARGET_NAME)";
				SWIFT_EMIT_LOC_STRINGS = YES;
				SWIFT_VERSION = 5.0;
				TARGETED_DEVICE_FAMILY = "1,2";
			};
			name = Debug;
		};
		FD38DD182962FF5B0022F95C /* Release */ = {
			isa = XCBuildConfiguration;
			baseConfigurationReference = D14FD1E078FCF18943BC1A4C /* Pods-MainApp.release.xcconfig */;
			buildSettings = {
				ASSETCATALOG_COMPILER_APPICON_NAME = AppIcon;
				ASSETCATALOG_COMPILER_GLOBAL_ACCENT_COLOR_NAME = AccentColor;
				CODE_SIGN_STYLE = Automatic;
				CURRENT_PROJECT_VERSION = 1;
				DEVELOPMENT_TEAM = 4F8A3G9C4X;
				GENERATE_INFOPLIST_FILE = YES;
				INFOPLIST_FILE = MainApp/Info.plist;
				INFOPLIST_KEY_UIApplicationSupportsIndirectInputEvents = YES;
				INFOPLIST_KEY_UILaunchStoryboardName = LaunchScreen;
				INFOPLIST_KEY_UIMainStoryboardFile = Main;
				INFOPLIST_KEY_UISupportedInterfaceOrientations_iPad = "UIInterfaceOrientationPortrait UIInterfaceOrientationPortraitUpsideDown UIInterfaceOrientationLandscapeLeft UIInterfaceOrientationLandscapeRight";
				INFOPLIST_KEY_UISupportedInterfaceOrientations_iPhone = "UIInterfaceOrientationPortrait UIInterfaceOrientationLandscapeLeft UIInterfaceOrientationLandscapeRight";
				LD_RUNPATH_SEARCH_PATHS = (
					"$(inherited)",
					"@executable_path/Frameworks",
				);
				MARKETING_VERSION = 1.0;
				PRODUCT_BUNDLE_IDENTIFIER = com.sample.MainApp;
				PRODUCT_NAME = "$(TARGET_NAME)";
				SWIFT_EMIT_LOC_STRINGS = YES;
				SWIFT_VERSION = 5.0;
				TARGETED_DEVICE_FAMILY = "1,2";
			};
			name = Release;
		};
		FD38DD1A2962FF5B0022F95C /* Debug */ = {
			isa = XCBuildConfiguration;
			baseConfigurationReference = A7F06FA64B1542208756D2BC /* Pods-MainAppTests.debug.xcconfig */;
			buildSettings = {
				ALWAYS_EMBED_SWIFT_STANDARD_LIBRARIES = YES;
				BUNDLE_LOADER = "$(TEST_HOST)";
				CODE_SIGN_STYLE = Automatic;
				CURRENT_PROJECT_VERSION = 1;
				DEVELOPMENT_TEAM = 4F8A3G9C4X;
				GENERATE_INFOPLIST_FILE = YES;
				IPHONEOS_DEPLOYMENT_TARGET = 16.2;
				MARKETING_VERSION = 1.0;
				PRODUCT_BUNDLE_IDENTIFIER = com.sample.MainAppTests;
				PRODUCT_NAME = "$(TARGET_NAME)";
				SWIFT_EMIT_LOC_STRINGS = NO;
				SWIFT_VERSION = 5.0;
				TARGETED_DEVICE_FAMILY = "1,2";
				TEST_HOST = "$(BUILT_PRODUCTS_DIR)/MainApp.app/$(BUNDLE_EXECUTABLE_FOLDER_PATH)/MainApp";
			};
			name = Debug;
		};
		FD38DD1B2962FF5B0022F95C /* Release */ = {
			isa = XCBuildConfiguration;
			baseConfigurationReference = F11919B61712BE27C8DE5F3C /* Pods-MainAppTests.release.xcconfig */;
			buildSettings = {
				ALWAYS_EMBED_SWIFT_STANDARD_LIBRARIES = YES;
				BUNDLE_LOADER = "$(TEST_HOST)";
				CODE_SIGN_STYLE = Automatic;
				CURRENT_PROJECT_VERSION = 1;
				DEVELOPMENT_TEAM = 4F8A3G9C4X;
				GENERATE_INFOPLIST_FILE = YES;
				IPHONEOS_DEPLOYMENT_TARGET = 16.2;
				MARKETING_VERSION = 1.0;
				PRODUCT_BUNDLE_IDENTIFIER = com.sample.MainAppTests;
				PRODUCT_NAME = "$(TARGET_NAME)";
				SWIFT_EMIT_LOC_STRINGS = NO;
				SWIFT_VERSION = 5.0;
				TARGETED_DEVICE_FAMILY = "1,2";
				TEST_HOST = "$(BUILT_PRODUCTS_DIR)/MainApp.app/$(BUNDLE_EXECUTABLE_FOLDER_PATH)/MainApp";
			};
			name = Release;
		};
		FD38DD1D2962FF5B0022F95C /* Debug */ = {
			isa = XCBuildConfiguration;
			baseConfigurationReference = A7F641239E4D7162930C5A11 /* Pods-MainApp-MainAppUITests.debug.xcconfig */;
			buildSettings = {
				ALWAYS_EMBED_SWIFT_STANDARD_LIBRARIES = YES;
				CODE_SIGN_STYLE = Automatic;
				CURRENT_PROJECT_VERSION = 1;
				DEVELOPMENT_TEAM = 4F8A3G9C4X;
				GENERATE_INFOPLIST_FILE = YES;
				MARKETING_VERSION = 1.0;
				PRODUCT_BUNDLE_IDENTIFIER = com.sample.MainAppUITests;
				PRODUCT_NAME = "$(TARGET_NAME)";
				SWIFT_EMIT_LOC_STRINGS = NO;
				SWIFT_VERSION = 5.0;
				TARGETED_DEVICE_FAMILY = "1,2";
				TEST_TARGET_NAME = MainApp;
			};
			name = Debug;
		};
		FD38DD1E2962FF5B0022F95C /* Release */ = {
			isa = XCBuildConfiguration;
			baseConfigurationReference = 35F60C6878C10B6B699402C7 /* Pods-MainApp-MainAppUITests.release.xcconfig */;
			buildSettings = {
				ALWAYS_EMBED_SWIFT_STANDARD_LIBRARIES = YES;
				CODE_SIGN_STYLE = Automatic;
				CURRENT_PROJECT_VERSION = 1;
				DEVELOPMENT_TEAM = 4F8A3G9C4X;
				GENERATE_INFOPLIST_FILE = YES;
				MARKETING_VERSION = 1.0;
				PRODUCT_BUNDLE_IDENTIFIER = com.sample.MainAppUITests;
				PRODUCT_NAME = "$(TARGET_NAME)";
				SWIFT_EMIT_LOC_STRINGS = NO;
				SWIFT_VERSION = 5.0;
				TARGETED_DEVICE_FAMILY = "1,2";
				TEST_TARGET_NAME = MainApp;
			};
			name = Release;
		};
/* End XCBuildConfiguration section */

/* Begin XCConfigurationList section */
		FD38DCE72962FF5A0022F95C /* Build configuration list for PBXProject "MainApp" */ = {
			isa = XCConfigurationList;
			buildConfigurations = (
				FD38DD142962FF5B0022F95C /* Debug */,
				FD38DD152962FF5B0022F95C /* Release */,
			);
			defaultConfigurationIsVisible = 0;
			defaultConfigurationName = Release;
		};
		FD38DD162962FF5B0022F95C /* Build configuration list for PBXNativeTarget "MainApp" */ = {
			isa = XCConfigurationList;
			buildConfigurations = (
				FD38DD172962FF5B0022F95C /* Debug */,
				FD38DD182962FF5B0022F95C /* Release */,
			);
			defaultConfigurationIsVisible = 0;
			defaultConfigurationName = Release;
		};
		FD38DD192962FF5B0022F95C /* Build configuration list for PBXNativeTarget "MainAppTests" */ = {
			isa = XCConfigurationList;
			buildConfigurations = (
				FD38DD1A2962FF5B0022F95C /* Debug */,
				FD38DD1B2962FF5B0022F95C /* Release */,
			);
			defaultConfigurationIsVisible = 0;
			defaultConfigurationName = Release;
		};
		FD38DD1C2962FF5B0022F95C /* Build configuration list for PBXNativeTarget "MainAppUITests" */ = {
			isa = XCConfigurationList;
			buildConfigurations = (
				FD38DD1D2962FF5B0022F95C /* Debug */,
				FD38DD1E2962FF5B0022F95C /* Release */,
			);
			defaultConfigurationIsVisible = 0;
			defaultConfigurationName = Release;
		};
/* End XCConfigurationList section */
	};
	rootObject = FD38DCE42962FF5A0022F95C /* Project object */;
}
